
Microsoft Visual Studio Solution File, Format Version 12.00
# Visual Studio Version 17
VisualStudioVersion = 17.0.31903.59
MinimumVisualStudioVersion = 10.0.40219.1
Project("{2150E333-8FDC-42A3-9474-1A3956D46DE8}") = "Services", "Services", "{5854FF58-B8C5-05C6-5BF2-ACE42193F22B}"
EndProject
Project("{2150E333-8FDC-42A3-9474-1A3956D46DE8}") = "Catalog", "Catalog", "{944ACC7E-4FFC-A2A2-09E1-98A62C66F8DB}"
EndProject
Project("{FAE04EC0-301F-11D3-BF4B-00C04F79EFBC}") = "Catalog.API", "Services\Catalog\Catalog.API\Catalog.API.csproj", "{83626B54-09E7-4A4E-BCD5-75B2E6C8A8BE}"
EndProject
Project("{2150E333-8FDC-42A3-9474-1A3956D46DE8}") = "BuildingBlocks", "BuildingBlocks", "{7266C4A9-E384-DC00-0EB6-47F6002CFBA7}"
EndProject
Project("{FAE04EC0-301F-11D3-BF4B-00C04F79EFBC}") = "BuildingBlocks", "BuildingBlocks\BuildingBlocks\BuildingBlocks.csproj", "{8071B2A2-D43B-4456-B963-8F94C3EDD1DE}"
EndProject
Project("{2150E333-8FDC-42A3-9474-1A3956D46DE8}") = "Basket", "Basket", "{5991CCA7-7B8E-F5C0-A704-5C636E45E198}"
EndProject
Project("{FAE04EC0-301F-11D3-BF4B-00C04F79EFBC}") = "Basket.API", "Services\Basket\Basket.API\Basket.API.csproj", "{AC6F9216-6F29-41F1-A764-28392F38A6E3}"
EndProject
Global
	GlobalSection(SolutionConfigurationPlatforms) = preSolution
		Debug|Any CPU = Debug|Any CPU
		Debug|x64 = Debug|x64
		Debug|x86 = Debug|x86
		Release|Any CPU = Release|Any CPU
		Release|x64 = Release|x64
		Release|x86 = Release|x86
	EndGlobalSection
	GlobalSection(ProjectConfigurationPlatforms) = postSolution
		{83626B54-09E7-4A4E-BCD5-75B2E6C8A8BE}.Debug|Any CPU.ActiveCfg = Debug|Any CPU
		{83626B54-09E7-4A4E-BCD5-75B2E6C8A8BE}.Debug|Any CPU.Build.0 = Debug|Any CPU
		{83626B54-09E7-4A4E-BCD5-75B2E6C8A8BE}.Debug|x64.ActiveCfg = Debug|Any CPU
		{83626B54-09E7-4A4E-BCD5-75B2E6C8A8BE}.Debug|x64.Build.0 = Debug|Any CPU
		{83626B54-09E7-4A4E-BCD5-75B2E6C8A8BE}.Debug|x86.ActiveCfg = Debug|Any CPU
		{83626B54-09E7-4A4E-BCD5-75B2E6C8A8BE}.Debug|x86.Build.0 = Debug|Any CPU
		{83626B54-09E7-4A4E-BCD5-75B2E6C8A8BE}.Release|Any CPU.ActiveCfg = Release|Any CPU
		{83626B54-09E7-4A4E-BCD5-75B2E6C8A8BE}.Release|Any CPU.Build.0 = Release|Any CPU
		{83626B54-09E7-4A4E-BCD5-75B2E6C8A8BE}.Release|x64.ActiveCfg = Release|Any CPU
		{83626B54-09E7-4A4E-BCD5-75B2E6C8A8BE}.Release|x64.Build.0 = Release|Any CPU
		{83626B54-09E7-4A4E-BCD5-75B2E6C8A8BE}.Release|x86.ActiveCfg = Release|Any CPU
		{83626B54-09E7-4A4E-BCD5-75B2E6C8A8BE}.Release|x86.Build.0 = Release|Any CPU
		{8071B2A2-D43B-4456-B963-8F94C3EDD1DE}.Debug|Any CPU.ActiveCfg = Debug|Any CPU
		{8071B2A2-D43B-4456-B963-8F94C3EDD1DE}.Debug|Any CPU.Build.0 = Debug|Any CPU
		{8071B2A2-D43B-4456-B963-8F94C3EDD1DE}.Debug|x64.ActiveCfg = Debug|Any CPU
		{8071B2A2-D43B-4456-B963-8F94C3EDD1DE}.Debug|x64.Build.0 = Debug|Any CPU
		{8071B2A2-D43B-4456-B963-8F94C3EDD1DE}.Debug|x86.ActiveCfg = Debug|Any CPU
		{8071B2A2-D43B-4456-B963-8F94C3EDD1DE}.Debug|x86.Build.0 = Debug|Any CPU
		{8071B2A2-D43B-4456-B963-8F94C3EDD1DE}.Release|Any CPU.ActiveCfg = Release|Any CPU
		{8071B2A2-D43B-4456-B963-8F94C3EDD1DE}.Release|Any CPU.Build.0 = Release|Any CPU
		{8071B2A2-D43B-4456-B963-8F94C3EDD1DE}.Release|x64.ActiveCfg = Release|Any CPU
		{8071B2A2-D43B-4456-B963-8F94C3EDD1DE}.Release|x64.Build.0 = Release|Any CPU
		{8071B2A2-D43B-4456-B963-8F94C3EDD1DE}.Release|x86.ActiveCfg = Release|Any CPU
		{8071B2A2-D43B-4456-B963-8F94C3EDD1DE}.Release|x86.Build.0 = Release|Any CPU
		{AC6F9216-6F29-41F1-A764-28392F38A6E3}.Debug|Any CPU.ActiveCfg = Debug|Any CPU
		{AC6F9216-6F29-41F1-A764-28392F38A6E3}.Debug|Any CPU.Build.0 = Debug|Any CPU
		{AC6F9216-6F29-41F1-A764-28392F38A6E3}.Debug|x64.ActiveCfg = Debug|Any CPU
		{AC6F9216-6F29-41F1-A764-28392F38A6E3}.Debug|x64.Build.0 = Debug|Any CPU
		{AC6F9216-6F29-41F1-A764-28392F38A6E3}.Debug|x86.ActiveCfg = Debug|Any CPU
		{AC6F9216-6F29-41F1-A764-28392F38A6E3}.Debug|x86.Build.0 = Debug|Any CPU
		{AC6F9216-6F29-41F1-A764-28392F38A6E3}.Release|Any CPU.ActiveCfg = Release|Any CPU
		{AC6F9216-6F29-41F1-A764-28392F38A6E3}.Release|Any CPU.Build.0 = Release|Any CPU
		{AC6F9216-6F29-41F1-A764-28392F38A6E3}.Release|x64.ActiveCfg = Release|Any CPU
		{AC6F9216-6F29-41F1-A764-28392F38A6E3}.Release|x64.Build.0 = Release|Any CPU
		{AC6F9216-6F29-41F1-A764-28392F38A6E3}.Release|x86.ActiveCfg = Release|Any CPU
		{AC6F9216-6F29-41F1-A764-28392F38A6E3}.Release|x86.Build.0 = Release|Any CPU
	EndGlobalSection
	GlobalSection(SolutionProperties) = preSolution
		HideSolutionNode = FALSE
	EndGlobalSection
	GlobalSection(NestedProjects) = preSolution
		{944ACC7E-4FFC-A2A2-09E1-98A62C66F8DB} = {5854FF58-B8C5-05C6-5BF2-ACE42193F22B}
		{83626B54-09E7-4A4E-BCD5-75B2E6C8A8BE} = {944ACC7E-4FFC-A2A2-09E1-98A62C66F8DB}
		{8071B2A2-D43B-4456-B963-8F94C3EDD1DE} = {7266C4A9-E384-DC00-0EB6-47F6002CFBA7}
		{5991CCA7-7B8E-F5C0-A704-5C636E45E198} = {5854FF58-B8C5-05C6-5BF2-ACE42193F22B}
		{AC6F9216-6F29-41F1-A764-28392F38A6E3} = {5991CCA7-7B8E-F5C0-A704-5C636E45E198}
	EndGlobalSection
EndGlobal
